// !$*UTF8*$!
{
	archiveVersion = 1;
	classes = {
	};
	objectVersion = 56;
	objects = {

/* Begin PBXBuildFile section */
		8E15C8712B6527E3001468C7 /* moment_iOSApp.swift in Sources */ = {isa = PBXBuildFile; fileRef = 8E15C8702B6527E3001468C7 /* moment_iOSApp.swift */; };
		8E15C8732B6527E3001468C7 /* ContentView.swift in Sources */ = {isa = PBXBuildFile; fileRef = 8E15C8722B6527E3001468C7 /* ContentView.swift */; };
		8E15C8822B6527E7001468C7 /* moment_iOSTests.swift in Sources */ = {isa = PBXBuildFile; fileRef = 8E15C8812B6527E7001468C7 /* moment_iOSTests.swift */; };
		8E15C88C2B6527E7001468C7 /* moment_iOSUITests.swift in Sources */ = {isa = PBXBuildFile; fileRef = 8E15C88B2B6527E7001468C7 /* moment_iOSUITests.swift */; };
		8E15C88E2B6527E7001468C7 /* moment_iOSUITestsLaunchTests.swift in Sources */ = {isa = PBXBuildFile; fileRef = 8E15C88D2B6527E7001468C7 /* moment_iOSUITestsLaunchTests.swift */; };
		8E2D273B2BA57DE7006248EA /* FSCalendarWrapper.swift in Sources */ = {isa = PBXBuildFile; fileRef = 8E2D273A2BA57DE7006248EA /* FSCalendarWrapper.swift */; };
		8E3E7D4D2BC97A63004C6AD1 /* Alamofire in Frameworks */ = {isa = PBXBuildFile; productRef = 8E3E7D4C2BC97A63004C6AD1 /* Alamofire */; };
		8E3E7D502BC97AF5004C6AD1 /* PopupView in Frameworks */ = {isa = PBXBuildFile; productRef = 8E3E7D4F2BC97AF5004C6AD1 /* PopupView */; };
		8E3E7D5E2BCD7C4B004C6AD1 /* Model.swift in Sources */ = {isa = PBXBuildFile; fileRef = 8E3E7D5D2BCD7C4B004C6AD1 /* Model.swift */; };
		8E5CAE322B970BC800A483B4 /* Time.swift in Sources */ = {isa = PBXBuildFile; fileRef = 8E5CAE312B970BC800A483B4 /* Time.swift */; };
		8E5CAE342B970C2C00A483B4 /* Color+Extensions.swift in Sources */ = {isa = PBXBuildFile; fileRef = 8E5CAE332B970C2C00A483B4 /* Color+Extensions.swift */; };
		8E5CAE362B970C4500A483B4 /* Assets.xcassets in Resources */ = {isa = PBXBuildFile; fileRef = 8E5CAE352B970C4500A483B4 /* Assets.xcassets */; };
		8E5CAE382B970C5600A483B4 /* OnboardingContent.swift in Sources */ = {isa = PBXBuildFile; fileRef = 8E5CAE372B970C5600A483B4 /* OnboardingContent.swift */; };
		8E5CAE3A2B970C9D00A483B4 /* OnboardingViewModel.swift in Sources */ = {isa = PBXBuildFile; fileRef = 8E5CAE392B970C9D00A483B4 /* OnboardingViewModel.swift */; };
		8E5CAE3C2B970CB300A483B4 /* OnboardingView.swift in Sources */ = {isa = PBXBuildFile; fileRef = 8E5CAE3B2B970CB300A483B4 /* OnboardingView.swift */; };
		8E5CAE3E2B970CCA00A483B4 /* PathType.swift in Sources */ = {isa = PBXBuildFile; fileRef = 8E5CAE3D2B970CCA00A483B4 /* PathType.swift */; };
		8E5CAE402B970CD800A483B4 /* PathModel.swift in Sources */ = {isa = PBXBuildFile; fileRef = 8E5CAE3F2B970CD800A483B4 /* PathModel.swift */; };
		8E5CAE422B970CEA00A483B4 /* HomeBaseView.swift in Sources */ = {isa = PBXBuildFile; fileRef = 8E5CAE412B970CEA00A483B4 /* HomeBaseView.swift */; };
		8E5CAE442B970CFF00A483B4 /* HomeBaseViewModel.swift in Sources */ = {isa = PBXBuildFile; fileRef = 8E5CAE432B970CFF00A483B4 /* HomeBaseViewModel.swift */; };
		8E5CAE462B970D1000A483B4 /* Tab.swift in Sources */ = {isa = PBXBuildFile; fileRef = 8E5CAE452B970D1000A483B4 /* Tab.swift */; };
		8E5CAE482B970D2700A483B4 /* Date+Extensions.swift in Sources */ = {isa = PBXBuildFile; fileRef = 8E5CAE472B970D2700A483B4 /* Date+Extensions.swift */; };
		8E5CAE4A2B970D3B00A483B4 /* CustomNavigationBar.swift in Sources */ = {isa = PBXBuildFile; fileRef = 8E5CAE492B970D3B00A483B4 /* CustomNavigationBar.swift */; };
		8E5CAE4C2B970D4F00A483B4 /* NavigationBtnType.swift in Sources */ = {isa = PBXBuildFile; fileRef = 8E5CAE4B2B970D4F00A483B4 /* NavigationBtnType.swift */; };
		8E5CAE4E2B970D5D00A483B4 /* Todo.swift in Sources */ = {isa = PBXBuildFile; fileRef = 8E5CAE4D2B970D5D00A483B4 /* Todo.swift */; };
		8E5CAE502B970D6B00A483B4 /* HomeViewModel.swift in Sources */ = {isa = PBXBuildFile; fileRef = 8E5CAE4F2B970D6A00A483B4 /* HomeViewModel.swift */; };
		8E5CAE522B970DB600A483B4 /* HomeView.swift in Sources */ = {isa = PBXBuildFile; fileRef = 8E5CAE512B970DB600A483B4 /* HomeView.swift */; };
		8E5CAE562B970DD400A483B4 /* CalendarViewModel.swift in Sources */ = {isa = PBXBuildFile; fileRef = 8E5CAE552B970DD400A483B4 /* CalendarViewModel.swift */; };
		8E5CAE582B970DE600A483B4 /* SelectDayView.swift in Sources */ = {isa = PBXBuildFile; fileRef = 8E5CAE572B970DE600A483B4 /* SelectDayView.swift */; };
		8E5CAE5A2B970DF600A483B4 /* BillListViewModel.swift in Sources */ = {isa = PBXBuildFile; fileRef = 8E5CAE592B970DF600A483B4 /* BillListViewModel.swift */; };
		8E5CAE5C2B970E0400A483B4 /* BillListView.swift in Sources */ = {isa = PBXBuildFile; fileRef = 8E5CAE5B2B970E0400A483B4 /* BillListView.swift */; };
		8E5CAE642B970E5B00A483B4 /* Double+Extensions.swift in Sources */ = {isa = PBXBuildFile; fileRef = 8E5CAE632B970E5B00A483B4 /* Double+Extensions.swift */; };
		8E5CAE662B970E6B00A483B4 /* VoiceRecorderViewModel.swift in Sources */ = {isa = PBXBuildFile; fileRef = 8E5CAE652B970E6B00A483B4 /* VoiceRecorderViewModel.swift */; };
		8E5CAE682B970E8700A483B4 /* VoiceRecorderView.swift in Sources */ = {isa = PBXBuildFile; fileRef = 8E5CAE672B970E8700A483B4 /* VoiceRecorderView.swift */; };
		8E5CAE6A2B970E9900A483B4 /* Int-Extensions.swift in Sources */ = {isa = PBXBuildFile; fileRef = 8E5CAE692B970E9900A483B4 /* Int-Extensions.swift */; };
		8E5CAE6C2B970EAE00A483B4 /* LikeViewModel.swift in Sources */ = {isa = PBXBuildFile; fileRef = 8E5CAE6B2B970EAE00A483B4 /* LikeViewModel.swift */; };
		8E5CAE6E2B970EC600A483B4 /* LikeView.swift in Sources */ = {isa = PBXBuildFile; fileRef = 8E5CAE6D2B970EC600A483B4 /* LikeView.swift */; };
		8E5CAE702B970ED700A483B4 /* NotificationService.swift in Sources */ = {isa = PBXBuildFile; fileRef = 8E5CAE6F2B970ED700A483B4 /* NotificationService.swift */; };
		8E5CAE722B970EE700A483B4 /* AppDelegate.swift in Sources */ = {isa = PBXBuildFile; fileRef = 8E5CAE712B970EE700A483B4 /* AppDelegate.swift */; };
		8E5CAE742B970EF400A483B4 /* SettingView.swift in Sources */ = {isa = PBXBuildFile; fileRef = 8E5CAE732B970EF400A483B4 /* SettingView.swift */; };
		8E747AFC2B860E3C00D9302D /* FSCalendar in Frameworks */ = {isa = PBXBuildFile; productRef = 8E747AFB2B860E3C00D9302D /* FSCalendar */; };
		8E7FB8FE2BA1E66200F05045 /* CustomDevider.swift in Sources */ = {isa = PBXBuildFile; fileRef = 8E7FB8FD2BA1E66200F05045 /* CustomDevider.swift */; };
		8E86C0662BD0100C00291360 /* View+Extensions.swift in Sources */ = {isa = PBXBuildFile; fileRef = 8E86C0652BD0100C00291360 /* View+Extensions.swift */; };
		8E86C0682BD0103F00291360 /* ActivityView.swift in Sources */ = {isa = PBXBuildFile; fileRef = 8E86C0672BD0103F00291360 /* ActivityView.swift */; };
		8E86C12D2BDA766A00291360 /* SnapshotManager.swift in Sources */ = {isa = PBXBuildFile; fileRef = 8E86C12C2BDA766A00291360 /* SnapshotManager.swift */; };
		8E86C1AB2BE819A100291360 /* LocationManager.swift in Sources */ = {isa = PBXBuildFile; fileRef = 8E86C1AA2BE819A100291360 /* LocationManager.swift */; };
		8E86C1AD2BE8FAC100291360 /* VideoPlayerView.swift in Sources */ = {isa = PBXBuildFile; fileRef = 8E86C1AC2BE8FAC100291360 /* VideoPlayerView.swift */; };
		8E86C1E92BEA358F00291360 /* SharedViewModel.swift in Sources */ = {isa = PBXBuildFile; fileRef = 8E86C1E82BEA358F00291360 /* SharedViewModel.swift */; };
		8E8C17452BA8575000BF1E1C /* LoginView.swift in Sources */ = {isa = PBXBuildFile; fileRef = 8E8C17442BA8575000BF1E1C /* LoginView.swift */; };
		8E8C17482BA85AE200BF1E1C /* AuthView.swift in Sources */ = {isa = PBXBuildFile; fileRef = 8E8C17472BA85AE200BF1E1C /* AuthView.swift */; };
		8E8C174F2BA97B4500BF1E1C /* AuthNumView.swift in Sources */ = {isa = PBXBuildFile; fileRef = 8E8C174E2BA97B4500BF1E1C /* AuthNumView.swift */; };
		8E8C17522BAAB65700BF1E1C /* CustomToolTip.swift in Sources */ = {isa = PBXBuildFile; fileRef = 8E8C17512BAAB65700BF1E1C /* CustomToolTip.swift */; };
		8E8C17542BAAC59400BF1E1C /* AddUser.swift in Sources */ = {isa = PBXBuildFile; fileRef = 8E8C17532BAAC59400BF1E1C /* AddUser.swift */; };
		8E8C17562BAAC8F000BF1E1C /* AuthComplete.swift in Sources */ = {isa = PBXBuildFile; fileRef = 8E8C17552BAAC8F000BF1E1C /* AuthComplete.swift */; };
		8E8C17CA2BABF1A800BF1E1C /* Assets.xcassets in Resources */ = {isa = PBXBuildFile; fileRef = 8E8C17C92BABF1A800BF1E1C /* Assets.xcassets */; };
		8E8C18062BAC379700BF1E1C /* SwipeItem.swift in Sources */ = {isa = PBXBuildFile; fileRef = 8E8C18052BAC379700BF1E1C /* SwipeItem.swift */; };
		8E970E172BC3E070003476C4 /* DailyView.swift in Sources */ = {isa = PBXBuildFile; fileRef = 8E970E162BC3E070003476C4 /* DailyView.swift */; };
		8E970E192BC3E079003476C4 /* DailyViewmodel.swift in Sources */ = {isa = PBXBuildFile; fileRef = 8E970E182BC3E079003476C4 /* DailyViewmodel.swift */; };
		8E970E1B2BC3E865003476C4 /* DailyCardViewModel.swift in Sources */ = {isa = PBXBuildFile; fileRef = 8E970E1A2BC3E865003476C4 /* DailyCardViewModel.swift */; };
		8E970E1D2BC405C7003476C4 /* DailyCardView.swift in Sources */ = {isa = PBXBuildFile; fileRef = 8E970E1C2BC405C7003476C4 /* DailyCardView.swift */; };
		8E970F272BC96AC3003476C4 /* LoginViewModel.swift in Sources */ = {isa = PBXBuildFile; fileRef = 8E970F262BC96AC3003476C4 /* LoginViewModel.swift */; };
		8E970F292BC96EBF003476C4 /* AuthViewModel.swift in Sources */ = {isa = PBXBuildFile; fileRef = 8E970F282BC96EBF003476C4 /* AuthViewModel.swift */; };
		8ECCFA932BAD6B3200C39125 /* PasswordView.swift in Sources */ = {isa = PBXBuildFile; fileRef = 8ECCFA922BAD6B3200C39125 /* PasswordView.swift */; };
		8ECCFA982BAFE3BD00C39125 /* AudioRecorderManager.swift in Sources */ = {isa = PBXBuildFile; fileRef = 8ECCFA972BAFE3BD00C39125 /* AudioRecorderManager.swift */; };
		8ECCFADF2BB066D600C39125 /* FloatingToastView.swift in Sources */ = {isa = PBXBuildFile; fileRef = 8ECCFADE2BB066D600C39125 /* FloatingToastView.swift */; };
		8ECCFB1F2BB1CA5600C39125 /* Item.swift in Sources */ = {isa = PBXBuildFile; fileRef = 8ECCFB1E2BB1CA5600C39125 /* Item.swift */; };
		8ECCFB612BB29D9100C39125 /* PasswordfindView.swift in Sources */ = {isa = PBXBuildFile; fileRef = 8ECCFB602BB29D9100C39125 /* PasswordfindView.swift */; };
		8ECCFB632BB29FC000C39125 /* PasswordinsertView.swift in Sources */ = {isa = PBXBuildFile; fileRef = 8ECCFB622BB29FC000C39125 /* PasswordinsertView.swift */; };
		8ECCFBA72BB59F0100C39125 /* CardView.swift in Sources */ = {isa = PBXBuildFile; fileRef = 8ECCFBA62BB59F0100C39125 /* CardView.swift */; };
		8ECCFBB22BB804B900C39125 /* ImagePicker.swift in Sources */ = {isa = PBXBuildFile; fileRef = 8ECCFBB12BB804B900C39125 /* ImagePicker.swift */; };
		8ECCFBBF2BB93A6D00C39125 /* Pretendard-ExtraBold.otf in Resources */ = {isa = PBXBuildFile; fileRef = 8ECCFBB62BB93A6C00C39125 /* Pretendard-ExtraBold.otf */; };
		8ECCFBC02BB93A6D00C39125 /* Pretendard-ExtraBold.otf in Resources */ = {isa = PBXBuildFile; fileRef = 8ECCFBB62BB93A6C00C39125 /* Pretendard-ExtraBold.otf */; };
		8ECCFBC12BB93A6D00C39125 /* Pretendard-Regular.otf in Resources */ = {isa = PBXBuildFile; fileRef = 8ECCFBB72BB93A6C00C39125 /* Pretendard-Regular.otf */; };
		8ECCFBC22BB93A6D00C39125 /* Pretendard-Regular.otf in Resources */ = {isa = PBXBuildFile; fileRef = 8ECCFBB72BB93A6C00C39125 /* Pretendard-Regular.otf */; };
		8ECCFBC32BB93A6D00C39125 /* Pretendard-Medium.otf in Resources */ = {isa = PBXBuildFile; fileRef = 8ECCFBB82BB93A6C00C39125 /* Pretendard-Medium.otf */; };
		8ECCFBC42BB93A6D00C39125 /* Pretendard-Medium.otf in Resources */ = {isa = PBXBuildFile; fileRef = 8ECCFBB82BB93A6C00C39125 /* Pretendard-Medium.otf */; };
		8ECCFBC52BB93A6D00C39125 /* Pretendard-Black.otf in Resources */ = {isa = PBXBuildFile; fileRef = 8ECCFBB92BB93A6C00C39125 /* Pretendard-Black.otf */; };
		8ECCFBC62BB93A6D00C39125 /* Pretendard-Black.otf in Resources */ = {isa = PBXBuildFile; fileRef = 8ECCFBB92BB93A6C00C39125 /* Pretendard-Black.otf */; };
		8ECCFBC72BB93A6D00C39125 /* Pretendard-Light.otf in Resources */ = {isa = PBXBuildFile; fileRef = 8ECCFBBA2BB93A6C00C39125 /* Pretendard-Light.otf */; };
		8ECCFBC82BB93A6D00C39125 /* Pretendard-Light.otf in Resources */ = {isa = PBXBuildFile; fileRef = 8ECCFBBA2BB93A6C00C39125 /* Pretendard-Light.otf */; };
		8ECCFBC92BB93A6D00C39125 /* Pretendard-ExtraLight.otf in Resources */ = {isa = PBXBuildFile; fileRef = 8ECCFBBB2BB93A6D00C39125 /* Pretendard-ExtraLight.otf */; };
		8ECCFBCA2BB93A6D00C39125 /* Pretendard-ExtraLight.otf in Resources */ = {isa = PBXBuildFile; fileRef = 8ECCFBBB2BB93A6D00C39125 /* Pretendard-ExtraLight.otf */; };
		8ECCFBCB2BB93A6D00C39125 /* Pretendard-SemiBold.otf in Resources */ = {isa = PBXBuildFile; fileRef = 8ECCFBBC2BB93A6D00C39125 /* Pretendard-SemiBold.otf */; };
		8ECCFBCC2BB93A6D00C39125 /* Pretendard-SemiBold.otf in Resources */ = {isa = PBXBuildFile; fileRef = 8ECCFBBC2BB93A6D00C39125 /* Pretendard-SemiBold.otf */; };
		8ECCFBCD2BB93A6D00C39125 /* Pretendard-Thin.otf in Resources */ = {isa = PBXBuildFile; fileRef = 8ECCFBBD2BB93A6D00C39125 /* Pretendard-Thin.otf */; };
		8ECCFBCE2BB93A6D00C39125 /* Pretendard-Thin.otf in Resources */ = {isa = PBXBuildFile; fileRef = 8ECCFBBD2BB93A6D00C39125 /* Pretendard-Thin.otf */; };
		8ECCFBCF2BB93A6D00C39125 /* Pretendard-Bold.otf in Resources */ = {isa = PBXBuildFile; fileRef = 8ECCFBBE2BB93A6D00C39125 /* Pretendard-Bold.otf */; };
		8ECCFBD02BB93A6D00C39125 /* Pretendard-Bold.otf in Resources */ = {isa = PBXBuildFile; fileRef = 8ECCFBBE2BB93A6D00C39125 /* Pretendard-Bold.otf */; };
		8ECCFBD22BB93A7B00C39125 /* YJ_Obang_OTF.otf in Resources */ = {isa = PBXBuildFile; fileRef = 8ECCFBD12BB93A7B00C39125 /* YJ_Obang_OTF.otf */; };
		8ECCFBD32BB93A7B00C39125 /* YJ_Obang_OTF.otf in Resources */ = {isa = PBXBuildFile; fileRef = 8ECCFBD12BB93A7B00C39125 /* YJ_Obang_OTF.otf */; };
		8ECCFBD62BB93BC100C39125 /* Font+Extensions.swift in Sources */ = {isa = PBXBuildFile; fileRef = 8ECCFBD52BB93BC100C39125 /* Font+Extensions.swift */; };
		8ECCFBD72BB93BC100C39125 /* Font+Extensions.swift in Sources */ = {isa = PBXBuildFile; fileRef = 8ECCFBD52BB93BC100C39125 /* Font+Extensions.swift */; };
		8ECCFBD92BB9463700C39125 /* CardViewModel.swift in Sources */ = {isa = PBXBuildFile; fileRef = 8ECCFBD82BB9463700C39125 /* CardViewModel.swift */; };
		8ECCFBDA2BB9463700C39125 /* CardViewModel.swift in Sources */ = {isa = PBXBuildFile; fileRef = 8ECCFBD82BB9463700C39125 /* CardViewModel.swift */; };
		8EDC94DD2BEA8AE400B646AB /* BillComplete.swift in Sources */ = {isa = PBXBuildFile; fileRef = 8EDC94DC2BEA8AE400B646AB /* BillComplete.swift */; };
		8EDC94E02BED3FB900B646AB /* ReceiptcompleteView.swift in Sources */ = {isa = PBXBuildFile; fileRef = 8EDC94DF2BED3FB900B646AB /* ReceiptcompleteView.swift */; };
		8EDC94E22BEE881700B646AB /* ReceiptCompleteviewB.swift in Sources */ = {isa = PBXBuildFile; fileRef = 8EDC94E12BEE881700B646AB /* ReceiptCompleteviewB.swift */; };
/* End PBXBuildFile section */

/* Begin PBXContainerItemProxy section */
		8E15C87E2B6527E7001468C7 /* PBXContainerItemProxy */ = {
			isa = PBXContainerItemProxy;
			containerPortal = 8E15C8652B6527E3001468C7 /* Project object */;
			proxyType = 1;
			remoteGlobalIDString = 8E15C86C2B6527E3001468C7;
			remoteInfo = "moment-iOS";
		};
		8E15C8882B6527E7001468C7 /* PBXContainerItemProxy */ = {
			isa = PBXContainerItemProxy;
			containerPortal = 8E15C8652B6527E3001468C7 /* Project object */;
			proxyType = 1;
			remoteGlobalIDString = 8E15C86C2B6527E3001468C7;
			remoteInfo = "moment-iOS";
		};
/* End PBXContainerItemProxy section */

/* Begin PBXCopyFilesBuildPhase section */
		8E970F302BC975AB003476C4 /* Embed Frameworks */ = {
			isa = PBXCopyFilesBuildPhase;
			buildActionMask = 2147483647;
			dstPath = "";
			dstSubfolderSpec = 10;
			files = (
			);
			name = "Embed Frameworks";
			runOnlyForDeploymentPostprocessing = 0;
		};
/* End PBXCopyFilesBuildPhase section */

/* Begin PBXFileReference section */
		8E15C86D2B6527E3001468C7 /* moment-iOS.app */ = {isa = PBXFileReference; explicitFileType = wrapper.application; includeInIndex = 0; path = "moment-iOS.app"; sourceTree = BUILT_PRODUCTS_DIR; };
		8E15C8702B6527E3001468C7 /* moment_iOSApp.swift */ = {isa = PBXFileReference; lastKnownFileType = sourcecode.swift; path = moment_iOSApp.swift; sourceTree = "<group>"; };
		8E15C8722B6527E3001468C7 /* ContentView.swift */ = {isa = PBXFileReference; lastKnownFileType = sourcecode.swift; path = ContentView.swift; sourceTree = "<group>"; };
		8E15C87D2B6527E7001468C7 /* moment-iOSTests.xctest */ = {isa = PBXFileReference; explicitFileType = wrapper.cfbundle; includeInIndex = 0; path = "moment-iOSTests.xctest"; sourceTree = BUILT_PRODUCTS_DIR; };
		8E15C8812B6527E7001468C7 /* moment_iOSTests.swift */ = {isa = PBXFileReference; lastKnownFileType = sourcecode.swift; path = moment_iOSTests.swift; sourceTree = "<group>"; };
		8E15C8872B6527E7001468C7 /* moment-iOSUITests.xctest */ = {isa = PBXFileReference; explicitFileType = wrapper.cfbundle; includeInIndex = 0; path = "moment-iOSUITests.xctest"; sourceTree = BUILT_PRODUCTS_DIR; };
		8E15C88B2B6527E7001468C7 /* moment_iOSUITests.swift */ = {isa = PBXFileReference; lastKnownFileType = sourcecode.swift; path = moment_iOSUITests.swift; sourceTree = "<group>"; };
		8E15C88D2B6527E7001468C7 /* moment_iOSUITestsLaunchTests.swift */ = {isa = PBXFileReference; lastKnownFileType = sourcecode.swift; path = moment_iOSUITestsLaunchTests.swift; sourceTree = "<group>"; };
		8E2D273A2BA57DE7006248EA /* FSCalendarWrapper.swift */ = {isa = PBXFileReference; lastKnownFileType = sourcecode.swift; path = FSCalendarWrapper.swift; sourceTree = "<group>"; };
		8E3E7D5D2BCD7C4B004C6AD1 /* Model.swift */ = {isa = PBXFileReference; lastKnownFileType = sourcecode.swift; path = Model.swift; sourceTree = "<group>"; };
		8E5CAE312B970BC800A483B4 /* Time.swift */ = {isa = PBXFileReference; lastKnownFileType = sourcecode.swift; path = Time.swift; sourceTree = "<group>"; };
		8E5CAE332B970C2C00A483B4 /* Color+Extensions.swift */ = {isa = PBXFileReference; lastKnownFileType = sourcecode.swift; path = "Color+Extensions.swift"; sourceTree = "<group>"; };
		8E5CAE352B970C4500A483B4 /* Assets.xcassets */ = {isa = PBXFileReference; lastKnownFileType = folder.assetcatalog; name = Assets.xcassets; path = ../../NAVERRECORD/NaverRECORDAPP/NaverRECORDAPP/Assets.xcassets; sourceTree = "<group>"; };
		8E5CAE372B970C5600A483B4 /* OnboardingContent.swift */ = {isa = PBXFileReference; lastKnownFileType = sourcecode.swift; path = OnboardingContent.swift; sourceTree = "<group>"; };
		8E5CAE392B970C9D00A483B4 /* OnboardingViewModel.swift */ = {isa = PBXFileReference; lastKnownFileType = sourcecode.swift; path = OnboardingViewModel.swift; sourceTree = "<group>"; };
		8E5CAE3B2B970CB300A483B4 /* OnboardingView.swift */ = {isa = PBXFileReference; lastKnownFileType = sourcecode.swift; path = OnboardingView.swift; sourceTree = "<group>"; };
		8E5CAE3D2B970CCA00A483B4 /* PathType.swift */ = {isa = PBXFileReference; lastKnownFileType = sourcecode.swift; path = PathType.swift; sourceTree = "<group>"; };
		8E5CAE3F2B970CD800A483B4 /* PathModel.swift */ = {isa = PBXFileReference; lastKnownFileType = sourcecode.swift; path = PathModel.swift; sourceTree = "<group>"; };
		8E5CAE412B970CEA00A483B4 /* HomeBaseView.swift */ = {isa = PBXFileReference; lastKnownFileType = sourcecode.swift; path = HomeBaseView.swift; sourceTree = "<group>"; };
		8E5CAE432B970CFF00A483B4 /* HomeBaseViewModel.swift */ = {isa = PBXFileReference; lastKnownFileType = sourcecode.swift; path = HomeBaseViewModel.swift; sourceTree = "<group>"; };
		8E5CAE452B970D1000A483B4 /* Tab.swift */ = {isa = PBXFileReference; lastKnownFileType = sourcecode.swift; path = Tab.swift; sourceTree = "<group>"; };
		8E5CAE472B970D2700A483B4 /* Date+Extensions.swift */ = {isa = PBXFileReference; lastKnownFileType = sourcecode.swift; path = "Date+Extensions.swift"; sourceTree = "<group>"; };
		8E5CAE492B970D3B00A483B4 /* CustomNavigationBar.swift */ = {isa = PBXFileReference; lastKnownFileType = sourcecode.swift; path = CustomNavigationBar.swift; sourceTree = "<group>"; };
		8E5CAE4B2B970D4F00A483B4 /* NavigationBtnType.swift */ = {isa = PBXFileReference; lastKnownFileType = sourcecode.swift; path = NavigationBtnType.swift; sourceTree = "<group>"; };
		8E5CAE4D2B970D5D00A483B4 /* Todo.swift */ = {isa = PBXFileReference; lastKnownFileType = sourcecode.swift; path = Todo.swift; sourceTree = "<group>"; };
		8E5CAE4F2B970D6A00A483B4 /* HomeViewModel.swift */ = {isa = PBXFileReference; lastKnownFileType = sourcecode.swift; path = HomeViewModel.swift; sourceTree = "<group>"; };
		8E5CAE512B970DB600A483B4 /* HomeView.swift */ = {isa = PBXFileReference; lastKnownFileType = sourcecode.swift; path = HomeView.swift; sourceTree = "<group>"; };
		8E5CAE552B970DD400A483B4 /* CalendarViewModel.swift */ = {isa = PBXFileReference; lastKnownFileType = sourcecode.swift; path = CalendarViewModel.swift; sourceTree = "<group>"; };
		8E5CAE572B970DE600A483B4 /* SelectDayView.swift */ = {isa = PBXFileReference; lastKnownFileType = sourcecode.swift; path = SelectDayView.swift; sourceTree = "<group>"; };
		8E5CAE592B970DF600A483B4 /* BillListViewModel.swift */ = {isa = PBXFileReference; lastKnownFileType = sourcecode.swift; path = BillListViewModel.swift; sourceTree = "<group>"; };
		8E5CAE5B2B970E0400A483B4 /* BillListView.swift */ = {isa = PBXFileReference; lastKnownFileType = sourcecode.swift; path = BillListView.swift; sourceTree = "<group>"; };
		8E5CAE632B970E5B00A483B4 /* Double+Extensions.swift */ = {isa = PBXFileReference; lastKnownFileType = sourcecode.swift; path = "Double+Extensions.swift"; sourceTree = "<group>"; };
		8E5CAE652B970E6B00A483B4 /* VoiceRecorderViewModel.swift */ = {isa = PBXFileReference; lastKnownFileType = sourcecode.swift; path = VoiceRecorderViewModel.swift; sourceTree = "<group>"; };
		8E5CAE672B970E8700A483B4 /* VoiceRecorderView.swift */ = {isa = PBXFileReference; lastKnownFileType = sourcecode.swift; path = VoiceRecorderView.swift; sourceTree = "<group>"; };
		8E5CAE692B970E9900A483B4 /* Int-Extensions.swift */ = {isa = PBXFileReference; lastKnownFileType = sourcecode.swift; path = "Int-Extensions.swift"; sourceTree = "<group>"; };
		8E5CAE6B2B970EAE00A483B4 /* LikeViewModel.swift */ = {isa = PBXFileReference; lastKnownFileType = sourcecode.swift; path = LikeViewModel.swift; sourceTree = "<group>"; };
		8E5CAE6D2B970EC600A483B4 /* LikeView.swift */ = {isa = PBXFileReference; lastKnownFileType = sourcecode.swift; path = LikeView.swift; sourceTree = "<group>"; };
		8E5CAE6F2B970ED700A483B4 /* NotificationService.swift */ = {isa = PBXFileReference; lastKnownFileType = sourcecode.swift; path = NotificationService.swift; sourceTree = "<group>"; };
		8E5CAE712B970EE700A483B4 /* AppDelegate.swift */ = {isa = PBXFileReference; lastKnownFileType = sourcecode.swift; path = AppDelegate.swift; sourceTree = "<group>"; };
		8E5CAE732B970EF400A483B4 /* SettingView.swift */ = {isa = PBXFileReference; lastKnownFileType = sourcecode.swift; path = SettingView.swift; sourceTree = "<group>"; };
		8E7FB8FD2BA1E66200F05045 /* CustomDevider.swift */ = {isa = PBXFileReference; lastKnownFileType = sourcecode.swift; path = CustomDevider.swift; sourceTree = "<group>"; };
		8E86C0652BD0100C00291360 /* View+Extensions.swift */ = {isa = PBXFileReference; lastKnownFileType = sourcecode.swift; path = "View+Extensions.swift"; sourceTree = "<group>"; };
		8E86C0672BD0103F00291360 /* ActivityView.swift */ = {isa = PBXFileReference; lastKnownFileType = sourcecode.swift; path = ActivityView.swift; sourceTree = "<group>"; };
		8E86C12C2BDA766A00291360 /* SnapshotManager.swift */ = {isa = PBXFileReference; lastKnownFileType = sourcecode.swift; path = SnapshotManager.swift; sourceTree = "<group>"; };
		8E86C1AA2BE819A100291360 /* LocationManager.swift */ = {isa = PBXFileReference; lastKnownFileType = sourcecode.swift; path = LocationManager.swift; sourceTree = "<group>"; };
		8E86C1AC2BE8FAC100291360 /* VideoPlayerView.swift */ = {isa = PBXFileReference; lastKnownFileType = sourcecode.swift; path = VideoPlayerView.swift; sourceTree = "<group>"; };
		8E86C1E82BEA358F00291360 /* SharedViewModel.swift */ = {isa = PBXFileReference; lastKnownFileType = sourcecode.swift; path = SharedViewModel.swift; sourceTree = "<group>"; };
		8E8C17442BA8575000BF1E1C /* LoginView.swift */ = {isa = PBXFileReference; lastKnownFileType = sourcecode.swift; path = LoginView.swift; sourceTree = "<group>"; };
		8E8C17472BA85AE200BF1E1C /* AuthView.swift */ = {isa = PBXFileReference; lastKnownFileType = sourcecode.swift; path = AuthView.swift; sourceTree = "<group>"; };
		8E8C174E2BA97B4500BF1E1C /* AuthNumView.swift */ = {isa = PBXFileReference; lastKnownFileType = sourcecode.swift; path = AuthNumView.swift; sourceTree = "<group>"; };
		8E8C17512BAAB65700BF1E1C /* CustomToolTip.swift */ = {isa = PBXFileReference; lastKnownFileType = sourcecode.swift; path = CustomToolTip.swift; sourceTree = "<group>"; };
		8E8C17532BAAC59400BF1E1C /* AddUser.swift */ = {isa = PBXFileReference; lastKnownFileType = sourcecode.swift; path = AddUser.swift; sourceTree = "<group>"; };
		8E8C17552BAAC8F000BF1E1C /* AuthComplete.swift */ = {isa = PBXFileReference; lastKnownFileType = sourcecode.swift; path = AuthComplete.swift; sourceTree = "<group>"; };
		8E8C17C92BABF1A800BF1E1C /* Assets.xcassets */ = {isa = PBXFileReference; lastKnownFileType = folder.assetcatalog; path = Assets.xcassets; sourceTree = "<group>"; };
		8E8C18052BAC379700BF1E1C /* SwipeItem.swift */ = {isa = PBXFileReference; lastKnownFileType = sourcecode.swift; path = SwipeItem.swift; sourceTree = "<group>"; };
		8E970E162BC3E070003476C4 /* DailyView.swift */ = {isa = PBXFileReference; lastKnownFileType = sourcecode.swift; path = DailyView.swift; sourceTree = "<group>"; };
		8E970E182BC3E079003476C4 /* DailyViewmodel.swift */ = {isa = PBXFileReference; lastKnownFileType = sourcecode.swift; path = DailyViewmodel.swift; sourceTree = "<group>"; };
		8E970E1A2BC3E865003476C4 /* DailyCardViewModel.swift */ = {isa = PBXFileReference; lastKnownFileType = sourcecode.swift; path = DailyCardViewModel.swift; sourceTree = "<group>"; };
		8E970E1C2BC405C7003476C4 /* DailyCardView.swift */ = {isa = PBXFileReference; lastKnownFileType = sourcecode.swift; path = DailyCardView.swift; sourceTree = "<group>"; };
		8E970F262BC96AC3003476C4 /* LoginViewModel.swift */ = {isa = PBXFileReference; lastKnownFileType = sourcecode.swift; path = LoginViewModel.swift; sourceTree = "<group>"; };
		8E970F282BC96EBF003476C4 /* AuthViewModel.swift */ = {isa = PBXFileReference; lastKnownFileType = sourcecode.swift; path = AuthViewModel.swift; sourceTree = "<group>"; };
		8ECCFA922BAD6B3200C39125 /* PasswordView.swift */ = {isa = PBXFileReference; lastKnownFileType = sourcecode.swift; path = PasswordView.swift; sourceTree = "<group>"; };
		8ECCFA972BAFE3BD00C39125 /* AudioRecorderManager.swift */ = {isa = PBXFileReference; lastKnownFileType = sourcecode.swift; path = AudioRecorderManager.swift; sourceTree = "<group>"; };
		8ECCFADE2BB066D600C39125 /* FloatingToastView.swift */ = {isa = PBXFileReference; lastKnownFileType = sourcecode.swift; path = FloatingToastView.swift; sourceTree = "<group>"; };
		8ECCFB1E2BB1CA5600C39125 /* Item.swift */ = {isa = PBXFileReference; lastKnownFileType = sourcecode.swift; path = Item.swift; sourceTree = "<group>"; };
		8ECCFB602BB29D9100C39125 /* PasswordfindView.swift */ = {isa = PBXFileReference; lastKnownFileType = sourcecode.swift; path = PasswordfindView.swift; sourceTree = "<group>"; };
		8ECCFB622BB29FC000C39125 /* PasswordinsertView.swift */ = {isa = PBXFileReference; lastKnownFileType = sourcecode.swift; path = PasswordinsertView.swift; sourceTree = "<group>"; };
		8ECCFBA62BB59F0100C39125 /* CardView.swift */ = {isa = PBXFileReference; lastKnownFileType = sourcecode.swift; path = CardView.swift; sourceTree = "<group>"; };
		8ECCFBB12BB804B900C39125 /* ImagePicker.swift */ = {isa = PBXFileReference; lastKnownFileType = sourcecode.swift; path = ImagePicker.swift; sourceTree = "<group>"; };
		8ECCFBB62BB93A6C00C39125 /* Pretendard-ExtraBold.otf */ = {isa = PBXFileReference; lastKnownFileType = file; path = "Pretendard-ExtraBold.otf"; sourceTree = "<group>"; };
		8ECCFBB72BB93A6C00C39125 /* Pretendard-Regular.otf */ = {isa = PBXFileReference; lastKnownFileType = file; path = "Pretendard-Regular.otf"; sourceTree = "<group>"; };
		8ECCFBB82BB93A6C00C39125 /* Pretendard-Medium.otf */ = {isa = PBXFileReference; lastKnownFileType = file; path = "Pretendard-Medium.otf"; sourceTree = "<group>"; };
		8ECCFBB92BB93A6C00C39125 /* Pretendard-Black.otf */ = {isa = PBXFileReference; lastKnownFileType = file; path = "Pretendard-Black.otf"; sourceTree = "<group>"; };
		8ECCFBBA2BB93A6C00C39125 /* Pretendard-Light.otf */ = {isa = PBXFileReference; lastKnownFileType = file; path = "Pretendard-Light.otf"; sourceTree = "<group>"; };
		8ECCFBBB2BB93A6D00C39125 /* Pretendard-ExtraLight.otf */ = {isa = PBXFileReference; lastKnownFileType = file; path = "Pretendard-ExtraLight.otf"; sourceTree = "<group>"; };
		8ECCFBBC2BB93A6D00C39125 /* Pretendard-SemiBold.otf */ = {isa = PBXFileReference; lastKnownFileType = file; path = "Pretendard-SemiBold.otf"; sourceTree = "<group>"; };
		8ECCFBBD2BB93A6D00C39125 /* Pretendard-Thin.otf */ = {isa = PBXFileReference; lastKnownFileType = file; path = "Pretendard-Thin.otf"; sourceTree = "<group>"; };
		8ECCFBBE2BB93A6D00C39125 /* Pretendard-Bold.otf */ = {isa = PBXFileReference; lastKnownFileType = file; path = "Pretendard-Bold.otf"; sourceTree = "<group>"; };
		8ECCFBD12BB93A7B00C39125 /* YJ_Obang_OTF.otf */ = {isa = PBXFileReference; lastKnownFileType = file; path = YJ_Obang_OTF.otf; sourceTree = "<group>"; };
		8ECCFBD42BB93AEC00C39125 /* moment-iOS-Info.plist */ = {isa = PBXFileReference; lastKnownFileType = text.plist; path = "moment-iOS-Info.plist"; sourceTree = "<group>"; };
		8ECCFBD52BB93BC100C39125 /* Font+Extensions.swift */ = {isa = PBXFileReference; lastKnownFileType = sourcecode.swift; path = "Font+Extensions.swift"; sourceTree = "<group>"; };
		8ECCFBD82BB9463700C39125 /* CardViewModel.swift */ = {isa = PBXFileReference; lastKnownFileType = sourcecode.swift; path = CardViewModel.swift; sourceTree = "<group>"; };
		8EDC94DC2BEA8AE400B646AB /* BillComplete.swift */ = {isa = PBXFileReference; lastKnownFileType = sourcecode.swift; path = BillComplete.swift; sourceTree = "<group>"; };
		8EDC94DF2BED3FB900B646AB /* ReceiptcompleteView.swift */ = {isa = PBXFileReference; lastKnownFileType = sourcecode.swift; path = ReceiptcompleteView.swift; sourceTree = "<group>"; };
		8EDC94E12BEE881700B646AB /* ReceiptCompleteviewB.swift */ = {isa = PBXFileReference; lastKnownFileType = sourcecode.swift; path = ReceiptCompleteviewB.swift; sourceTree = "<group>"; };
/* End PBXFileReference section */

/* Begin PBXFrameworksBuildPhase section */
		8E15C86A2B6527E3001468C7 /* Frameworks */ = {
			isa = PBXFrameworksBuildPhase;
			buildActionMask = 2147483647;
			files = (
				8E3E7D502BC97AF5004C6AD1 /* PopupView in Frameworks */,
				8E747AFC2B860E3C00D9302D /* FSCalendar in Frameworks */,
				8E3E7D4D2BC97A63004C6AD1 /* Alamofire in Frameworks */,
			);
			runOnlyForDeploymentPostprocessing = 0;
		};
		8E15C87A2B6527E7001468C7 /* Frameworks */ = {
			isa = PBXFrameworksBuildPhase;
			buildActionMask = 2147483647;
			files = (
			);
			runOnlyForDeploymentPostprocessing = 0;
		};
		8E15C8842B6527E7001468C7 /* Frameworks */ = {
			isa = PBXFrameworksBuildPhase;
			buildActionMask = 2147483647;
			files = (
			);
			runOnlyForDeploymentPostprocessing = 0;
		};
/* End PBXFrameworksBuildPhase section */

/* Begin PBXGroup section */
		8E15C8642B6527E3001468C7 = {
			isa = PBXGroup;
			children = (
				8E3E7D5F2BCD7C50004C6AD1 /* Model */,
				8ECCFBD42BB93AEC00C39125 /* moment-iOS-Info.plist */,
				8ECCFBB52BB93A4800C39125 /* Font */,
				8ECCFBB12BB804B900C39125 /* ImagePicker.swift */,
				8E970E152BC3E05B003476C4 /* DailyView */,
				8ECCFA992BAFE4A300C39125 /* VoiceRecorder_EX */,
				8E8C17C92BABF1A800BF1E1C /* Assets.xcassets */,
				8E15C8702B6527E3001468C7 /* moment_iOSApp.swift */,
				8E5CAE712B970EE700A483B4 /* AppDelegate.swift */,
				8ECCFAE02BB066F900C39125 /* CustomToast */,
				8ECCFAA22BB01F4300C39125 /* Setting */,
				8ECCFA942BADC97F00C39125 /* HomeBase */,
				8E8C17502BAAB64D00BF1E1C /* ToolTip */,
				8E8C174D2BA86BFD00BF1E1C /* Style */,
				8E8C17492BA85AE600BF1E1C /* Auth */,
				8E8C174A2BA85B8700BF1E1C /* Path */,
				8ECCFA912BAD6B2200C39125 /* PasswordView */,
				8E8C17462BA8575500BF1E1C /* Login */,
				8E2D273F2BA57E60006248EA /* Onboarding */,
				8ECCFBB02BB6C07600C39125 /* Data */,
				8E2D273D2BA57E35006248EA /* Home */,
				8E2D273E2BA57E47006248EA /* Devider */,
				8E2D273C2BA57E23006248EA /* Callender */,
				8ECCFBA82BB59F0C00C39125 /* CardView */,
				8ECCFBAD2BB5C91D00C39125 /* LikeView */,
				8ECCFBA92BB5A06500C39125 /* Bill */,
				8EDC94DB2BEA8AD300B646AB /* BillComplete */,
				8E86C1A92BE8198C00291360 /* Manager */,
				8E5CAE312B970BC800A483B4 /* Time.swift */,
				8E5CAE6F2B970ED700A483B4 /* NotificationService.swift */,
				8E5CAE632B970E5B00A483B4 /* Double+Extensions.swift */,
				8E5CAE692B970E9900A483B4 /* Int-Extensions.swift */,
				8E5CAE492B970D3B00A483B4 /* CustomNavigationBar.swift */,
				8E5CAE4B2B970D4F00A483B4 /* NavigationBtnType.swift */,
				8E5CAE4D2B970D5D00A483B4 /* Todo.swift */,
				8E5CAE452B970D1000A483B4 /* Tab.swift */,
				8E15C8722B6527E3001468C7 /* ContentView.swift */,
				8E5CAE352B970C4500A483B4 /* Assets.xcassets */,
				8E15C8802B6527E7001468C7 /* moment-iOSTests */,
				8E15C88A2B6527E7001468C7 /* moment-iOSUITests */,
				8E15C86E2B6527E3001468C7 /* Products */,
				8E86C12B2BD2C7A400291360 /* Recovered References */,
			);
			sourceTree = "<group>";
		};
		8E15C86E2B6527E3001468C7 /* Products */ = {
			isa = PBXGroup;
			children = (
				8E15C86D2B6527E3001468C7 /* moment-iOS.app */,
				8E15C87D2B6527E7001468C7 /* moment-iOSTests.xctest */,
				8E15C8872B6527E7001468C7 /* moment-iOSUITests.xctest */,
			);
			name = Products;
			sourceTree = "<group>";
		};
		8E15C8802B6527E7001468C7 /* moment-iOSTests */ = {
			isa = PBXGroup;
			children = (
				8E15C8812B6527E7001468C7 /* moment_iOSTests.swift */,
			);
			path = "moment-iOSTests";
			sourceTree = "<group>";
		};
		8E15C88A2B6527E7001468C7 /* moment-iOSUITests */ = {
			isa = PBXGroup;
			children = (
				8E15C88B2B6527E7001468C7 /* moment_iOSUITests.swift */,
				8E15C88D2B6527E7001468C7 /* moment_iOSUITestsLaunchTests.swift */,
			);
			path = "moment-iOSUITests";
			sourceTree = "<group>";
		};
		8E2D273C2BA57E23006248EA /* Callender */ = {
			isa = PBXGroup;
			children = (
				8E5CAE552B970DD400A483B4 /* CalendarViewModel.swift */,
				8E5CAE572B970DE600A483B4 /* SelectDayView.swift */,
				8E2D273A2BA57DE7006248EA /* FSCalendarWrapper.swift */,
			);
			path = Callender;
			sourceTree = "<group>";
		};
		8E2D273D2BA57E35006248EA /* Home */ = {
			isa = PBXGroup;
			children = (
				8E5CAE4F2B970D6A00A483B4 /* HomeViewModel.swift */,
				8E5CAE512B970DB600A483B4 /* HomeView.swift */,
				8E8C18052BAC379700BF1E1C /* SwipeItem.swift */,
				8ECCFB1E2BB1CA5600C39125 /* Item.swift */,
			);
			path = Home;
			sourceTree = "<group>";
		};
		8E2D273E2BA57E47006248EA /* Devider */ = {
			isa = PBXGroup;
			children = (
				8E7FB8FD2BA1E66200F05045 /* CustomDevider.swift */,
			);
			path = Devider;
			sourceTree = "<group>";
		};
		8E2D273F2BA57E60006248EA /* Onboarding */ = {
			isa = PBXGroup;
			children = (
				8E5CAE3B2B970CB300A483B4 /* OnboardingView.swift */,
				8E5CAE372B970C5600A483B4 /* OnboardingContent.swift */,
				8E5CAE392B970C9D00A483B4 /* OnboardingViewModel.swift */,
			);
			path = Onboarding;
			sourceTree = "<group>";
		};
		8E3E7D5F2BCD7C50004C6AD1 /* Model */ = {
			isa = PBXGroup;
			children = (
				8E3E7D5D2BCD7C4B004C6AD1 /* Model.swift */,
			);
			path = Model;
			sourceTree = "<group>";
		};
		8E86C12B2BD2C7A400291360 /* Recovered References */ = {
			isa = PBXGroup;
			children = (
			);
			name = "Recovered References";
			sourceTree = "<group>";
		};
		8E86C1A92BE8198C00291360 /* Manager */ = {
			isa = PBXGroup;
			children = (
				8ECCFA972BAFE3BD00C39125 /* AudioRecorderManager.swift */,
				8E86C1AA2BE819A100291360 /* LocationManager.swift */,
			);
			path = Manager;
			sourceTree = "<group>";
		};
		8E8C17462BA8575500BF1E1C /* Login */ = {
			isa = PBXGroup;
			children = (
				8E8C17442BA8575000BF1E1C /* LoginView.swift */,
				8E970F262BC96AC3003476C4 /* LoginViewModel.swift */,
			);
			path = Login;
			sourceTree = "<group>";
		};
		8E8C17492BA85AE600BF1E1C /* Auth */ = {
			isa = PBXGroup;
			children = (
				8E8C17472BA85AE200BF1E1C /* AuthView.swift */,
				8E970F282BC96EBF003476C4 /* AuthViewModel.swift */,
				8E8C174E2BA97B4500BF1E1C /* AuthNumView.swift */,
				8E8C17532BAAC59400BF1E1C /* AddUser.swift */,
				8E8C17552BAAC8F000BF1E1C /* AuthComplete.swift */,
			);
			path = Auth;
			sourceTree = "<group>";
		};
		8E8C174A2BA85B8700BF1E1C /* Path */ = {
			isa = PBXGroup;
			children = (
				8E5CAE3F2B970CD800A483B4 /* PathModel.swift */,
				8E5CAE3D2B970CCA00A483B4 /* PathType.swift */,
			);
			path = Path;
			sourceTree = "<group>";
		};
		8E8C174D2BA86BFD00BF1E1C /* Style */ = {
			isa = PBXGroup;
			children = (
				8E5CAE332B970C2C00A483B4 /* Color+Extensions.swift */,
				8E5CAE472B970D2700A483B4 /* Date+Extensions.swift */,
				8ECCFBD52BB93BC100C39125 /* Font+Extensions.swift */,
				8E86C0652BD0100C00291360 /* View+Extensions.swift */,
			);
			path = Style;
			sourceTree = "<group>";
		};
		8E8C17502BAAB64D00BF1E1C /* ToolTip */ = {
			isa = PBXGroup;
			children = (
				8E8C17512BAAB65700BF1E1C /* CustomToolTip.swift */,
			);
			path = ToolTip;
			sourceTree = "<group>";
		};
		8E970E152BC3E05B003476C4 /* DailyView */ = {
			isa = PBXGroup;
			children = (
				8E970E162BC3E070003476C4 /* DailyView.swift */,
				8E970E182BC3E079003476C4 /* DailyViewmodel.swift */,
				8E970E1A2BC3E865003476C4 /* DailyCardViewModel.swift */,
				8E970E1C2BC405C7003476C4 /* DailyCardView.swift */,
			);
			path = DailyView;
			sourceTree = "<group>";
		};
		8ECCFA912BAD6B2200C39125 /* PasswordView */ = {
			isa = PBXGroup;
			children = (
				8ECCFA922BAD6B3200C39125 /* PasswordView.swift */,
				8ECCFB602BB29D9100C39125 /* PasswordfindView.swift */,
				8ECCFB622BB29FC000C39125 /* PasswordinsertView.swift */,
			);
			path = PasswordView;
			sourceTree = "<group>";
		};
		8ECCFA942BADC97F00C39125 /* HomeBase */ = {
			isa = PBXGroup;
			children = (
				8E5CAE432B970CFF00A483B4 /* HomeBaseViewModel.swift */,
				8E5CAE412B970CEA00A483B4 /* HomeBaseView.swift */,
			);
			path = HomeBase;
			sourceTree = "<group>";
		};
		8ECCFA992BAFE4A300C39125 /* VoiceRecorder_EX */ = {
			isa = PBXGroup;
			children = (
				8E5CAE652B970E6B00A483B4 /* VoiceRecorderViewModel.swift */,
				8E5CAE672B970E8700A483B4 /* VoiceRecorderView.swift */,
			);
			path = VoiceRecorder_EX;
			sourceTree = "<group>";
		};
		8ECCFAA22BB01F4300C39125 /* Setting */ = {
			isa = PBXGroup;
			children = (
				8E5CAE732B970EF400A483B4 /* SettingView.swift */,
			);
			path = Setting;
			sourceTree = "<group>";
		};
		8ECCFAE02BB066F900C39125 /* CustomToast */ = {
			isa = PBXGroup;
			children = (
				8ECCFADE2BB066D600C39125 /* FloatingToastView.swift */,
			);
			path = CustomToast;
			sourceTree = "<group>";
		};
		8ECCFBA82BB59F0C00C39125 /* CardView */ = {
			isa = PBXGroup;
			children = (
				8ECCFBA62BB59F0100C39125 /* CardView.swift */,
				8ECCFBD82BB9463700C39125 /* CardViewModel.swift */,
				8E86C1AC2BE8FAC100291360 /* VideoPlayerView.swift */,
			);
			path = CardView;
			sourceTree = "<group>";
		};
		8ECCFBA92BB5A06500C39125 /* Bill */ = {
			isa = PBXGroup;
			children = (
				8E5CAE592B970DF600A483B4 /* BillListViewModel.swift */,
				8E5CAE5B2B970E0400A483B4 /* BillListView.swift */,
				8E86C0672BD0103F00291360 /* ActivityView.swift */,
				8E86C12C2BDA766A00291360 /* SnapshotManager.swift */,
			);
			path = Bill;
			sourceTree = "<group>";
		};
		8ECCFBAD2BB5C91D00C39125 /* LikeView */ = {
			isa = PBXGroup;
			children = (
				8E5CAE6B2B970EAE00A483B4 /* LikeViewModel.swift */,
				8E5CAE6D2B970EC600A483B4 /* LikeView.swift */,
			);
			path = LikeView;
			sourceTree = "<group>";
		};
		8ECCFBB02BB6C07600C39125 /* Data */ = {
			isa = PBXGroup;
			children = (
			);
			path = Data;
			sourceTree = "<group>";
		};
		8ECCFBB52BB93A4800C39125 /* Font */ = {
			isa = PBXGroup;
			children = (
				8ECCFBB92BB93A6C00C39125 /* Pretendard-Black.otf */,
				8ECCFBBE2BB93A6D00C39125 /* Pretendard-Bold.otf */,
				8ECCFBB62BB93A6C00C39125 /* Pretendard-ExtraBold.otf */,
				8ECCFBBB2BB93A6D00C39125 /* Pretendard-ExtraLight.otf */,
				8ECCFBBA2BB93A6C00C39125 /* Pretendard-Light.otf */,
				8ECCFBB82BB93A6C00C39125 /* Pretendard-Medium.otf */,
				8ECCFBB72BB93A6C00C39125 /* Pretendard-Regular.otf */,
				8ECCFBBC2BB93A6D00C39125 /* Pretendard-SemiBold.otf */,
				8ECCFBBD2BB93A6D00C39125 /* Pretendard-Thin.otf */,
				8ECCFBD12BB93A7B00C39125 /* YJ_Obang_OTF.otf */,
			);
			path = Font;
			sourceTree = "<group>";
		};
		8EDC94DB2BEA8AD300B646AB /* BillComplete */ = {
			isa = PBXGroup;
			children = (
				8EDC94DE2BED3FA000B646AB /* BillLastCompleteView */,
				8EDC94DC2BEA8AE400B646AB /* BillComplete.swift */,
				8E86C1E82BEA358F00291360 /* SharedViewModel.swift */,
			);
			path = BillComplete;
			sourceTree = "<group>";
		};
		8EDC94DE2BED3FA000B646AB /* BillLastCompleteView */ = {
			isa = PBXGroup;
			children = (
				8EDC94DF2BED3FB900B646AB /* ReceiptcompleteView.swift */,
				8EDC94E12BEE881700B646AB /* ReceiptCompleteviewB.swift */,
			);
			path = BillLastCompleteView;
			sourceTree = "<group>";
		};
/* End PBXGroup section */

/* Begin PBXNativeTarget section */
		8E15C86C2B6527E3001468C7 /* moment-iOS */ = {
			isa = PBXNativeTarget;
			buildConfigurationList = 8E15C8912B6527E7001468C7 /* Build configuration list for PBXNativeTarget "moment-iOS" */;
			buildPhases = (
				8E15C8692B6527E3001468C7 /* Sources */,
				8E15C86A2B6527E3001468C7 /* Frameworks */,
				8E15C86B2B6527E3001468C7 /* Resources */,
				8E970F302BC975AB003476C4 /* Embed Frameworks */,
			);
			buildRules = (
			);
			dependencies = (
			);
			name = "moment-iOS";
			packageProductDependencies = (
				8E747AFB2B860E3C00D9302D /* FSCalendar */,
				8E3E7D4C2BC97A63004C6AD1 /* Alamofire */,
				8E3E7D4F2BC97AF5004C6AD1 /* PopupView */,
			);
			productName = "moment-iOS";
			productReference = 8E15C86D2B6527E3001468C7 /* moment-iOS.app */;
			productType = "com.apple.product-type.application";
		};
		8E15C87C2B6527E7001468C7 /* moment-iOSTests */ = {
			isa = PBXNativeTarget;
			buildConfigurationList = 8E15C8942B6527E7001468C7 /* Build configuration list for PBXNativeTarget "moment-iOSTests" */;
			buildPhases = (
				8E15C8792B6527E7001468C7 /* Sources */,
				8E15C87A2B6527E7001468C7 /* Frameworks */,
				8E15C87B2B6527E7001468C7 /* Resources */,
			);
			buildRules = (
			);
			dependencies = (
				8E15C87F2B6527E7001468C7 /* PBXTargetDependency */,
			);
			name = "moment-iOSTests";
			productName = "moment-iOSTests";
			productReference = 8E15C87D2B6527E7001468C7 /* moment-iOSTests.xctest */;
			productType = "com.apple.product-type.bundle.unit-test";
		};
		8E15C8862B6527E7001468C7 /* moment-iOSUITests */ = {
			isa = PBXNativeTarget;
			buildConfigurationList = 8E15C8972B6527E7001468C7 /* Build configuration list for PBXNativeTarget "moment-iOSUITests" */;
			buildPhases = (
				8E15C8832B6527E7001468C7 /* Sources */,
				8E15C8842B6527E7001468C7 /* Frameworks */,
				8E15C8852B6527E7001468C7 /* Resources */,
			);
			buildRules = (
			);
			dependencies = (
				8E15C8892B6527E7001468C7 /* PBXTargetDependency */,
			);
			name = "moment-iOSUITests";
			productName = "moment-iOSUITests";
			productReference = 8E15C8872B6527E7001468C7 /* moment-iOSUITests.xctest */;
			productType = "com.apple.product-type.bundle.ui-testing";
		};
/* End PBXNativeTarget section */

/* Begin PBXProject section */
		8E15C8652B6527E3001468C7 /* Project object */ = {
			isa = PBXProject;
			attributes = {
				BuildIndependentTargetsInParallel = 1;
				LastSwiftUpdateCheck = 1520;
				LastUpgradeCheck = 1520;
				TargetAttributes = {
					8E15C86C2B6527E3001468C7 = {
						CreatedOnToolsVersion = 15.2;
					};
					8E15C87C2B6527E7001468C7 = {
						CreatedOnToolsVersion = 15.2;
						TestTargetID = 8E15C86C2B6527E3001468C7;
					};
					8E15C8862B6527E7001468C7 = {
						CreatedOnToolsVersion = 15.2;
						TestTargetID = 8E15C86C2B6527E3001468C7;
					};
				};
			};
			buildConfigurationList = 8E15C8682B6527E3001468C7 /* Build configuration list for PBXProject "moment-iOS" */;
			compatibilityVersion = "Xcode 14.0";
			developmentRegion = en;
			hasScannedForEncodings = 0;
			knownRegions = (
				en,
				Base,
			);
			mainGroup = 8E15C8642B6527E3001468C7;
			packageReferences = (
				8E747AFA2B860E3C00D9302D /* XCRemoteSwiftPackageReference "FSCalendar" */,
				8E3E7D4B2BC97A63004C6AD1 /* XCRemoteSwiftPackageReference "Alamofire" */,
				8E3E7D4E2BC97AF5004C6AD1 /* XCRemoteSwiftPackageReference "PopupView" */,
			);
			productRefGroup = 8E15C86E2B6527E3001468C7 /* Products */;
			projectDirPath = "";
			projectRoot = "";
			targets = (
				8E15C86C2B6527E3001468C7 /* moment-iOS */,
				8E15C87C2B6527E7001468C7 /* moment-iOSTests */,
				8E15C8862B6527E7001468C7 /* moment-iOSUITests */,
			);
		};
/* End PBXProject section */

/* Begin PBXResourcesBuildPhase section */
		8E15C86B2B6527E3001468C7 /* Resources */ = {
			isa = PBXResourcesBuildPhase;
			buildActionMask = 2147483647;
			files = (
				8ECCFBCF2BB93A6D00C39125 /* Pretendard-Bold.otf in Resources */,
				8E8C17CA2BABF1A800BF1E1C /* Assets.xcassets in Resources */,
				8ECCFBCD2BB93A6D00C39125 /* Pretendard-Thin.otf in Resources */,
				8ECCFBC32BB93A6D00C39125 /* Pretendard-Medium.otf in Resources */,
				8ECCFBC92BB93A6D00C39125 /* Pretendard-ExtraLight.otf in Resources */,
				8ECCFBC12BB93A6D00C39125 /* Pretendard-Regular.otf in Resources */,
				8E5CAE362B970C4500A483B4 /* Assets.xcassets in Resources */,
				8ECCFBC72BB93A6D00C39125 /* Pretendard-Light.otf in Resources */,
				8ECCFBD22BB93A7B00C39125 /* YJ_Obang_OTF.otf in Resources */,
				8ECCFBCB2BB93A6D00C39125 /* Pretendard-SemiBold.otf in Resources */,
				8ECCFBC52BB93A6D00C39125 /* Pretendard-Black.otf in Resources */,
				8ECCFBBF2BB93A6D00C39125 /* Pretendard-ExtraBold.otf in Resources */,
			);
			runOnlyForDeploymentPostprocessing = 0;
		};
		8E15C87B2B6527E7001468C7 /* Resources */ = {
			isa = PBXResourcesBuildPhase;
			buildActionMask = 2147483647;
			files = (
			);
			runOnlyForDeploymentPostprocessing = 0;
		};
		8E15C8852B6527E7001468C7 /* Resources */ = {
			isa = PBXResourcesBuildPhase;
			buildActionMask = 2147483647;
			files = (
				8ECCFBCA2BB93A6D00C39125 /* Pretendard-ExtraLight.otf in Resources */,
				8ECCFBC02BB93A6D00C39125 /* Pretendard-ExtraBold.otf in Resources */,
				8ECCFBCC2BB93A6D00C39125 /* Pretendard-SemiBold.otf in Resources */,
				8ECCFBCE2BB93A6D00C39125 /* Pretendard-Thin.otf in Resources */,
				8ECCFBC22BB93A6D00C39125 /* Pretendard-Regular.otf in Resources */,
				8ECCFBC62BB93A6D00C39125 /* Pretendard-Black.otf in Resources */,
				8ECCFBD32BB93A7B00C39125 /* YJ_Obang_OTF.otf in Resources */,
				8ECCFBC82BB93A6D00C39125 /* Pretendard-Light.otf in Resources */,
				8ECCFBD02BB93A6D00C39125 /* Pretendard-Bold.otf in Resources */,
				8ECCFBC42BB93A6D00C39125 /* Pretendard-Medium.otf in Resources */,
			);
			runOnlyForDeploymentPostprocessing = 0;
		};
/* End PBXResourcesBuildPhase section */

/* Begin PBXSourcesBuildPhase section */
		8E15C8692B6527E3001468C7 /* Sources */ = {
			isa = PBXSourcesBuildPhase;
			buildActionMask = 2147483647;
			files = (
				8E970E192BC3E079003476C4 /* DailyViewmodel.swift in Sources */,
				8ECCFB612BB29D9100C39125 /* PasswordfindView.swift in Sources */,
				8E5CAE3E2B970CCA00A483B4 /* PathType.swift in Sources */,
				8ECCFADF2BB066D600C39125 /* FloatingToastView.swift in Sources */,
				8E8C174F2BA97B4500BF1E1C /* AuthNumView.swift in Sources */,
				8E5CAE702B970ED700A483B4 /* NotificationService.swift in Sources */,
				8E5CAE442B970CFF00A483B4 /* HomeBaseViewModel.swift in Sources */,
				8E5CAE642B970E5B00A483B4 /* Double+Extensions.swift in Sources */,
				8E2D273B2BA57DE7006248EA /* FSCalendarWrapper.swift in Sources */,
				8E86C1AD2BE8FAC100291360 /* VideoPlayerView.swift in Sources */,
				8E5CAE402B970CD800A483B4 /* PathModel.swift in Sources */,
				8E5CAE6E2B970EC600A483B4 /* LikeView.swift in Sources */,
				8E86C12D2BDA766A00291360 /* SnapshotManager.swift in Sources */,
				8E8C18062BAC379700BF1E1C /* SwipeItem.swift in Sources */,
				8E5CAE502B970D6B00A483B4 /* HomeViewModel.swift in Sources */,
				8E970F272BC96AC3003476C4 /* LoginViewModel.swift in Sources */,
				8ECCFA932BAD6B3200C39125 /* PasswordView.swift in Sources */,
				8E5CAE482B970D2700A483B4 /* Date+Extensions.swift in Sources */,
				8E5CAE462B970D1000A483B4 /* Tab.swift in Sources */,
				8E5CAE682B970E8700A483B4 /* VoiceRecorderView.swift in Sources */,
				8E970E1B2BC3E865003476C4 /* DailyCardViewModel.swift in Sources */,
				8E8C17542BAAC59400BF1E1C /* AddUser.swift in Sources */,
				8E5CAE5C2B970E0400A483B4 /* BillListView.swift in Sources */,
				8E5CAE4C2B970D4F00A483B4 /* NavigationBtnType.swift in Sources */,
				8E8C17452BA8575000BF1E1C /* LoginView.swift in Sources */,
				8E5CAE322B970BC800A483B4 /* Time.swift in Sources */,
				8E5CAE562B970DD400A483B4 /* CalendarViewModel.swift in Sources */,
				8E8C17522BAAB65700BF1E1C /* CustomToolTip.swift in Sources */,
				8E5CAE582B970DE600A483B4 /* SelectDayView.swift in Sources */,
				8E5CAE662B970E6B00A483B4 /* VoiceRecorderViewModel.swift in Sources */,
				8E5CAE4A2B970D3B00A483B4 /* CustomNavigationBar.swift in Sources */,
				8E5CAE422B970CEA00A483B4 /* HomeBaseView.swift in Sources */,
				8ECCFB1F2BB1CA5600C39125 /* Item.swift in Sources */,
				8E5CAE3A2B970C9D00A483B4 /* OnboardingViewModel.swift in Sources */,
				8ECCFBD62BB93BC100C39125 /* Font+Extensions.swift in Sources */,
				8E86C0682BD0103F00291360 /* ActivityView.swift in Sources */,
				8E5CAE382B970C5600A483B4 /* OnboardingContent.swift in Sources */,
				8E5CAE4E2B970D5D00A483B4 /* Todo.swift in Sources */,
				8E7FB8FE2BA1E66200F05045 /* CustomDevider.swift in Sources */,
				8E970E172BC3E070003476C4 /* DailyView.swift in Sources */,
				8E15C8732B6527E3001468C7 /* ContentView.swift in Sources */,
				8EDC94E22BEE881700B646AB /* ReceiptCompleteviewB.swift in Sources */,
				8EDC94DD2BEA8AE400B646AB /* BillComplete.swift in Sources */,
				8E5CAE522B970DB600A483B4 /* HomeView.swift in Sources */,
				8E8C17562BAAC8F000BF1E1C /* AuthComplete.swift in Sources */,
				8E8C17482BA85AE200BF1E1C /* AuthView.swift in Sources */,
				8E15C8712B6527E3001468C7 /* moment_iOSApp.swift in Sources */,
				8ECCFA982BAFE3BD00C39125 /* AudioRecorderManager.swift in Sources */,
				8E86C1E92BEA358F00291360 /* SharedViewModel.swift in Sources */,
				8E5CAE6A2B970E9900A483B4 /* Int-Extensions.swift in Sources */,
				8ECCFBD92BB9463700C39125 /* CardViewModel.swift in Sources */,
				8E5CAE342B970C2C00A483B4 /* Color+Extensions.swift in Sources */,
				8E86C1AB2BE819A100291360 /* LocationManager.swift in Sources */,
				8E5CAE5A2B970DF600A483B4 /* BillListViewModel.swift in Sources */,
				8ECCFBA72BB59F0100C39125 /* CardView.swift in Sources */,
				8E86C0662BD0100C00291360 /* View+Extensions.swift in Sources */,
				8E5CAE742B970EF400A483B4 /* SettingView.swift in Sources */,
				8ECCFB632BB29FC000C39125 /* PasswordinsertView.swift in Sources */,
				8E5CAE6C2B970EAE00A483B4 /* LikeViewModel.swift in Sources */,
				8E5CAE722B970EE700A483B4 /* AppDelegate.swift in Sources */,
				8E970F292BC96EBF003476C4 /* AuthViewModel.swift in Sources */,
				8EDC94E02BED3FB900B646AB /* ReceiptcompleteView.swift in Sources */,
				8E970E1D2BC405C7003476C4 /* DailyCardView.swift in Sources */,
				8E3E7D5E2BCD7C4B004C6AD1 /* Model.swift in Sources */,
				8ECCFBB22BB804B900C39125 /* ImagePicker.swift in Sources */,
				8E5CAE3C2B970CB300A483B4 /* OnboardingView.swift in Sources */,
			);
			runOnlyForDeploymentPostprocessing = 0;
		};
		8E15C8792B6527E7001468C7 /* Sources */ = {
			isa = PBXSourcesBuildPhase;
			buildActionMask = 2147483647;
			files = (
				8E15C8822B6527E7001468C7 /* moment_iOSTests.swift in Sources */,
			);
			runOnlyForDeploymentPostprocessing = 0;
		};
		8E15C8832B6527E7001468C7 /* Sources */ = {
			isa = PBXSourcesBuildPhase;
			buildActionMask = 2147483647;
			files = (
				8ECCFBDA2BB9463700C39125 /* CardViewModel.swift in Sources */,
				8E15C88E2B6527E7001468C7 /* moment_iOSUITestsLaunchTests.swift in Sources */,
				8E15C88C2B6527E7001468C7 /* moment_iOSUITests.swift in Sources */,
				8ECCFBD72BB93BC100C39125 /* Font+Extensions.swift in Sources */,
			);
			runOnlyForDeploymentPostprocessing = 0;
		};
/* End PBXSourcesBuildPhase section */

/* Begin PBXTargetDependency section */
		8E15C87F2B6527E7001468C7 /* PBXTargetDependency */ = {
			isa = PBXTargetDependency;
			target = 8E15C86C2B6527E3001468C7 /* moment-iOS */;
			targetProxy = 8E15C87E2B6527E7001468C7 /* PBXContainerItemProxy */;
		};
		8E15C8892B6527E7001468C7 /* PBXTargetDependency */ = {
			isa = PBXTargetDependency;
			target = 8E15C86C2B6527E3001468C7 /* moment-iOS */;
			targetProxy = 8E15C8882B6527E7001468C7 /* PBXContainerItemProxy */;
		};
/* End PBXTargetDependency section */

/* Begin XCBuildConfiguration section */
		8E15C88F2B6527E7001468C7 /* Debug */ = {
			isa = XCBuildConfiguration;
			buildSettings = {
				ALWAYS_SEARCH_USER_PATHS = NO;
				ASSETCATALOG_COMPILER_GENERATE_SWIFT_ASSET_SYMBOL_EXTENSIONS = YES;
				CLANG_ANALYZER_NONNULL = YES;
				CLANG_ANALYZER_NUMBER_OBJECT_CONVERSION = YES_AGGRESSIVE;
				CLANG_CXX_LANGUAGE_STANDARD = "gnu++20";
				CLANG_ENABLE_MODULES = YES;
				CLANG_ENABLE_OBJC_ARC = YES;
				CLANG_ENABLE_OBJC_WEAK = YES;
				CLANG_WARN_BLOCK_CAPTURE_AUTORELEASING = YES;
				CLANG_WARN_BOOL_CONVERSION = YES;
				CLANG_WARN_COMMA = YES;
				CLANG_WARN_CONSTANT_CONVERSION = YES;
				CLANG_WARN_DEPRECATED_OBJC_IMPLEMENTATIONS = YES;
				CLANG_WARN_DIRECT_OBJC_ISA_USAGE = YES_ERROR;
				CLANG_WARN_DOCUMENTATION_COMMENTS = YES;
				CLANG_WARN_EMPTY_BODY = YES;
				CLANG_WARN_ENUM_CONVERSION = YES;
				CLANG_WARN_INFINITE_RECURSION = YES;
				CLANG_WARN_INT_CONVERSION = YES;
				CLANG_WARN_NON_LITERAL_NULL_CONVERSION = YES;
				CLANG_WARN_OBJC_IMPLICIT_RETAIN_SELF = YES;
				CLANG_WARN_OBJC_LITERAL_CONVERSION = YES;
				CLANG_WARN_OBJC_ROOT_CLASS = YES_ERROR;
				CLANG_WARN_QUOTED_INCLUDE_IN_FRAMEWORK_HEADER = YES;
				CLANG_WARN_RANGE_LOOP_ANALYSIS = YES;
				CLANG_WARN_STRICT_PROTOTYPES = YES;
				CLANG_WARN_SUSPICIOUS_MOVE = YES;
				CLANG_WARN_UNGUARDED_AVAILABILITY = YES_AGGRESSIVE;
				CLANG_WARN_UNREACHABLE_CODE = YES;
				CLANG_WARN__DUPLICATE_METHOD_MATCH = YES;
				COPY_PHASE_STRIP = NO;
				DEBUG_INFORMATION_FORMAT = dwarf;
				ENABLE_STRICT_OBJC_MSGSEND = YES;
				ENABLE_TESTABILITY = YES;
				ENABLE_USER_SCRIPT_SANDBOXING = YES;
				GCC_C_LANGUAGE_STANDARD = gnu17;
				GCC_DYNAMIC_NO_PIC = NO;
				GCC_NO_COMMON_BLOCKS = YES;
				GCC_OPTIMIZATION_LEVEL = 0;
				GCC_PREPROCESSOR_DEFINITIONS = (
					"DEBUG=1",
					"$(inherited)",
				);
				GCC_WARN_64_TO_32_BIT_CONVERSION = YES;
				GCC_WARN_ABOUT_RETURN_TYPE = YES_ERROR;
				GCC_WARN_UNDECLARED_SELECTOR = YES;
				GCC_WARN_UNINITIALIZED_AUTOS = YES_AGGRESSIVE;
				GCC_WARN_UNUSED_FUNCTION = YES;
				GCC_WARN_UNUSED_VARIABLE = YES;
				IPHONEOS_DEPLOYMENT_TARGET = 17.2;
				LOCALIZATION_PREFERS_STRING_CATALOGS = YES;
				MTL_ENABLE_DEBUG_INFO = INCLUDE_SOURCE;
				MTL_FAST_MATH = YES;
				ONLY_ACTIVE_ARCH = YES;
				SDKROOT = iphoneos;
				SWIFT_ACTIVE_COMPILATION_CONDITIONS = "DEBUG $(inherited)";
				SWIFT_OPTIMIZATION_LEVEL = "-Onone";
			};
			name = Debug;
		};
		8E15C8902B6527E7001468C7 /* Release */ = {
			isa = XCBuildConfiguration;
			buildSettings = {
				ALWAYS_SEARCH_USER_PATHS = NO;
				ASSETCATALOG_COMPILER_GENERATE_SWIFT_ASSET_SYMBOL_EXTENSIONS = YES;
				CLANG_ANALYZER_NONNULL = YES;
				CLANG_ANALYZER_NUMBER_OBJECT_CONVERSION = YES_AGGRESSIVE;
				CLANG_CXX_LANGUAGE_STANDARD = "gnu++20";
				CLANG_ENABLE_MODULES = YES;
				CLANG_ENABLE_OBJC_ARC = YES;
				CLANG_ENABLE_OBJC_WEAK = YES;
				CLANG_WARN_BLOCK_CAPTURE_AUTORELEASING = YES;
				CLANG_WARN_BOOL_CONVERSION = YES;
				CLANG_WARN_COMMA = YES;
				CLANG_WARN_CONSTANT_CONVERSION = YES;
				CLANG_WARN_DEPRECATED_OBJC_IMPLEMENTATIONS = YES;
				CLANG_WARN_DIRECT_OBJC_ISA_USAGE = YES_ERROR;
				CLANG_WARN_DOCUMENTATION_COMMENTS = YES;
				CLANG_WARN_EMPTY_BODY = YES;
				CLANG_WARN_ENUM_CONVERSION = YES;
				CLANG_WARN_INFINITE_RECURSION = YES;
				CLANG_WARN_INT_CONVERSION = YES;
				CLANG_WARN_NON_LITERAL_NULL_CONVERSION = YES;
				CLANG_WARN_OBJC_IMPLICIT_RETAIN_SELF = YES;
				CLANG_WARN_OBJC_LITERAL_CONVERSION = YES;
				CLANG_WARN_OBJC_ROOT_CLASS = YES_ERROR;
				CLANG_WARN_QUOTED_INCLUDE_IN_FRAMEWORK_HEADER = YES;
				CLANG_WARN_RANGE_LOOP_ANALYSIS = YES;
				CLANG_WARN_STRICT_PROTOTYPES = YES;
				CLANG_WARN_SUSPICIOUS_MOVE = YES;
				CLANG_WARN_UNGUARDED_AVAILABILITY = YES_AGGRESSIVE;
				CLANG_WARN_UNREACHABLE_CODE = YES;
				CLANG_WARN__DUPLICATE_METHOD_MATCH = YES;
				COPY_PHASE_STRIP = NO;
				DEBUG_INFORMATION_FORMAT = "dwarf-with-dsym";
				ENABLE_NS_ASSERTIONS = NO;
				ENABLE_STRICT_OBJC_MSGSEND = YES;
				ENABLE_USER_SCRIPT_SANDBOXING = YES;
				GCC_C_LANGUAGE_STANDARD = gnu17;
				GCC_NO_COMMON_BLOCKS = YES;
				GCC_WARN_64_TO_32_BIT_CONVERSION = YES;
				GCC_WARN_ABOUT_RETURN_TYPE = YES_ERROR;
				GCC_WARN_UNDECLARED_SELECTOR = YES;
				GCC_WARN_UNINITIALIZED_AUTOS = YES_AGGRESSIVE;
				GCC_WARN_UNUSED_FUNCTION = YES;
				GCC_WARN_UNUSED_VARIABLE = YES;
				IPHONEOS_DEPLOYMENT_TARGET = 17.2;
				LOCALIZATION_PREFERS_STRING_CATALOGS = YES;
				MTL_ENABLE_DEBUG_INFO = NO;
				MTL_FAST_MATH = YES;
				SDKROOT = iphoneos;
				SWIFT_COMPILATION_MODE = wholemodule;
				VALIDATE_PRODUCT = YES;
			};
			name = Release;
		};
		8E15C8922B6527E7001468C7 /* Debug */ = {
			isa = XCBuildConfiguration;
			buildSettings = {
				ASSETCATALOG_COMPILER_APPICON_NAME = AppIcon;
				ASSETCATALOG_COMPILER_GLOBAL_ACCENT_COLOR_NAME = AccentColor;
				CODE_SIGN_STYLE = Automatic;
				CURRENT_PROJECT_VERSION = 1;
				DEVELOPMENT_TEAM = 9GGZWXBXQ6;
				ENABLE_PREVIEWS = YES;
				GENERATE_INFOPLIST_FILE = YES;
				INFOPLIST_FILE = "moment-iOS-Info.plist";
				INFOPLIST_KEY_LSSupportsOpeningDocumentsInPlace = YES;
				INFOPLIST_KEY_NSLocationAlwaysUsageDescription = "앱이 실행되지않아도 위치사용을 허가 하시겠습니까?";
				INFOPLIST_KEY_NSLocationWhenInUseUsageDescription = "위치 사용을 허가 하시겠습니까?";
				INFOPLIST_KEY_NSMicrophoneUsageDescription = "이 앱은 사용자의 음성을 녹음하기 위해 마이크에 접근합니다.";
				INFOPLIST_KEY_UIApplicationSceneManifest_Generation = YES;
				INFOPLIST_KEY_UIApplicationSupportsIndirectInputEvents = YES;
				INFOPLIST_KEY_UILaunchScreen_Generation = YES;
				INFOPLIST_KEY_UISupportedInterfaceOrientations_iPad = "UIInterfaceOrientationPortrait UIInterfaceOrientationPortraitUpsideDown UIInterfaceOrientationLandscapeLeft UIInterfaceOrientationLandscapeRight";
				INFOPLIST_KEY_UISupportedInterfaceOrientations_iPhone = "UIInterfaceOrientationPortrait UIInterfaceOrientationLandscapeLeft UIInterfaceOrientationLandscapeRight";
				INFOPLIST_KEY_UISupportsDocumentBrowser = YES;
				LD_RUNPATH_SEARCH_PATHS = (
					"$(inherited)",
					"@executable_path/Frameworks",
				);
				MARKETING_VERSION = 1.0;
				PRODUCT_BUNDLE_IDENTIFIER = "YangCustom.moment-iOS";
				PRODUCT_NAME = "$(TARGET_NAME)";
				SWIFT_EMIT_LOC_STRINGS = YES;
				SWIFT_VERSION = 5.0;
				TARGETED_DEVICE_FAMILY = "1,2";
			};
			name = Debug;
		};
		8E15C8932B6527E7001468C7 /* Release */ = {
			isa = XCBuildConfiguration;
			buildSettings = {
				ASSETCATALOG_COMPILER_APPICON_NAME = AppIcon;
				ASSETCATALOG_COMPILER_GLOBAL_ACCENT_COLOR_NAME = AccentColor;
				CODE_SIGN_STYLE = Automatic;
				CURRENT_PROJECT_VERSION = 1;
				DEVELOPMENT_TEAM = 9GGZWXBXQ6;
				ENABLE_PREVIEWS = YES;
				GENERATE_INFOPLIST_FILE = YES;
				INFOPLIST_FILE = "moment-iOS-Info.plist";
				INFOPLIST_KEY_LSSupportsOpeningDocumentsInPlace = YES;
				INFOPLIST_KEY_NSLocationAlwaysUsageDescription = "앱이 실행되지않아도 위치사용을 허가 하시겠습니까?";
				INFOPLIST_KEY_NSLocationWhenInUseUsageDescription = "위치 사용을 허가 하시겠습니까?";
				INFOPLIST_KEY_NSMicrophoneUsageDescription = "이 앱은 사용자의 음성을 녹음하기 위해 마이크에 접근합니다.";
				INFOPLIST_KEY_UIApplicationSceneManifest_Generation = YES;
				INFOPLIST_KEY_UIApplicationSupportsIndirectInputEvents = YES;
				INFOPLIST_KEY_UILaunchScreen_Generation = YES;
				INFOPLIST_KEY_UISupportedInterfaceOrientations_iPad = "UIInterfaceOrientationPortrait UIInterfaceOrientationPortraitUpsideDown UIInterfaceOrientationLandscapeLeft UIInterfaceOrientationLandscapeRight";
				INFOPLIST_KEY_UISupportedInterfaceOrientations_iPhone = "UIInterfaceOrientationPortrait UIInterfaceOrientationLandscapeLeft UIInterfaceOrientationLandscapeRight";
				INFOPLIST_KEY_UISupportsDocumentBrowser = YES;
				LD_RUNPATH_SEARCH_PATHS = (
					"$(inherited)",
					"@executable_path/Frameworks",
				);
				MARKETING_VERSION = 1.0;
				PRODUCT_BUNDLE_IDENTIFIER = "YangCustom.moment-iOS";
				PRODUCT_NAME = "$(TARGET_NAME)";
				SWIFT_EMIT_LOC_STRINGS = YES;
				SWIFT_VERSION = 5.0;
				TARGETED_DEVICE_FAMILY = "1,2";
			};
			name = Release;
		};
		8E15C8952B6527E7001468C7 /* Debug */ = {
			isa = XCBuildConfiguration;
			buildSettings = {
				ALWAYS_EMBED_SWIFT_STANDARD_LIBRARIES = YES;
				BUNDLE_LOADER = "$(TEST_HOST)";
				CODE_SIGN_STYLE = Automatic;
				CURRENT_PROJECT_VERSION = 1;
				DEVELOPMENT_TEAM = 9GGZWXBXQ6;
				GENERATE_INFOPLIST_FILE = YES;
				IPHONEOS_DEPLOYMENT_TARGET = 17.2;
				MARKETING_VERSION = 1.0;
				PRODUCT_BUNDLE_IDENTIFIER = "YangCustom.moment-iOSTests";
				PRODUCT_NAME = "$(TARGET_NAME)";
				SWIFT_EMIT_LOC_STRINGS = NO;
				SWIFT_VERSION = 5.0;
				TARGETED_DEVICE_FAMILY = "1,2";
				TEST_HOST = "$(BUILT_PRODUCTS_DIR)/moment-iOS.app/$(BUNDLE_EXECUTABLE_FOLDER_PATH)/moment-iOS";
			};
			name = Debug;
		};
		8E15C8962B6527E7001468C7 /* Release */ = {
			isa = XCBuildConfiguration;
			buildSettings = {
				ALWAYS_EMBED_SWIFT_STANDARD_LIBRARIES = YES;
				BUNDLE_LOADER = "$(TEST_HOST)";
				CODE_SIGN_STYLE = Automatic;
				CURRENT_PROJECT_VERSION = 1;
				DEVELOPMENT_TEAM = 9GGZWXBXQ6;
				GENERATE_INFOPLIST_FILE = YES;
				IPHONEOS_DEPLOYMENT_TARGET = 17.2;
				MARKETING_VERSION = 1.0;
				PRODUCT_BUNDLE_IDENTIFIER = "YangCustom.moment-iOSTests";
				PRODUCT_NAME = "$(TARGET_NAME)";
				SWIFT_EMIT_LOC_STRINGS = NO;
				SWIFT_VERSION = 5.0;
				TARGETED_DEVICE_FAMILY = "1,2";
				TEST_HOST = "$(BUILT_PRODUCTS_DIR)/moment-iOS.app/$(BUNDLE_EXECUTABLE_FOLDER_PATH)/moment-iOS";
			};
			name = Release;
		};
		8E15C8982B6527E7001468C7 /* Debug */ = {
			isa = XCBuildConfiguration;
			buildSettings = {
				ALWAYS_EMBED_SWIFT_STANDARD_LIBRARIES = YES;
				CODE_SIGN_STYLE = Automatic;
				CURRENT_PROJECT_VERSION = 1;
				DEVELOPMENT_TEAM = 9GGZWXBXQ6;
				GENERATE_INFOPLIST_FILE = YES;
				MARKETING_VERSION = 1.0;
				PRODUCT_BUNDLE_IDENTIFIER = "YangCustom.moment-iOSUITests";
				PRODUCT_NAME = "$(TARGET_NAME)";
				SWIFT_EMIT_LOC_STRINGS = NO;
				SWIFT_VERSION = 5.0;
				TARGETED_DEVICE_FAMILY = "1,2";
				TEST_TARGET_NAME = "moment-iOS";
			};
			name = Debug;
		};
		8E15C8992B6527E7001468C7 /* Release */ = {
			isa = XCBuildConfiguration;
			buildSettings = {
				ALWAYS_EMBED_SWIFT_STANDARD_LIBRARIES = YES;
				CODE_SIGN_STYLE = Automatic;
				CURRENT_PROJECT_VERSION = 1;
				DEVELOPMENT_TEAM = 9GGZWXBXQ6;
				GENERATE_INFOPLIST_FILE = YES;
				MARKETING_VERSION = 1.0;
				PRODUCT_BUNDLE_IDENTIFIER = "YangCustom.moment-iOSUITests";
				PRODUCT_NAME = "$(TARGET_NAME)";
				SWIFT_EMIT_LOC_STRINGS = NO;
				SWIFT_VERSION = 5.0;
				TARGETED_DEVICE_FAMILY = "1,2";
				TEST_TARGET_NAME = "moment-iOS";
			};
			name = Release;
		};
/* End XCBuildConfiguration section */

/* Begin XCConfigurationList section */
		8E15C8682B6527E3001468C7 /* Build configuration list for PBXProject "moment-iOS" */ = {
			isa = XCConfigurationList;
			buildConfigurations = (
				8E15C88F2B6527E7001468C7 /* Debug */,
				8E15C8902B6527E7001468C7 /* Release */,
			);
			defaultConfigurationIsVisible = 0;
			defaultConfigurationName = Release;
		};
		8E15C8912B6527E7001468C7 /* Build configuration list for PBXNativeTarget "moment-iOS" */ = {
			isa = XCConfigurationList;
			buildConfigurations = (
				8E15C8922B6527E7001468C7 /* Debug */,
				8E15C8932B6527E7001468C7 /* Release */,
			);
			defaultConfigurationIsVisible = 0;
			defaultConfigurationName = Release;
		};
		8E15C8942B6527E7001468C7 /* Build configuration list for PBXNativeTarget "moment-iOSTests" */ = {
			isa = XCConfigurationList;
			buildConfigurations = (
				8E15C8952B6527E7001468C7 /* Debug */,
				8E15C8962B6527E7001468C7 /* Release */,
			);
			defaultConfigurationIsVisible = 0;
			defaultConfigurationName = Release;
		};
		8E15C8972B6527E7001468C7 /* Build configuration list for PBXNativeTarget "moment-iOSUITests" */ = {
			isa = XCConfigurationList;
			buildConfigurations = (
				8E15C8982B6527E7001468C7 /* Debug */,
				8E15C8992B6527E7001468C7 /* Release */,
			);
			defaultConfigurationIsVisible = 0;
			defaultConfigurationName = Release;
		};
/* End XCConfigurationList section */

/* Begin XCRemoteSwiftPackageReference section */
		8E3E7D4B2BC97A63004C6AD1 /* XCRemoteSwiftPackageReference "Alamofire" */ = {
			isa = XCRemoteSwiftPackageReference;
			repositoryURL = "https://github.com/Alamofire/Alamofire.git";
			requirement = {
				kind = upToNextMajorVersion;
				minimumVersion = 5.9.1;
			};
		};
		8E3E7D4E2BC97AF5004C6AD1 /* XCRemoteSwiftPackageReference "PopupView" */ = {
			isa = XCRemoteSwiftPackageReference;
			repositoryURL = "https://github.com/exyte/PopupView.git";
			requirement = {
				kind = upToNextMajorVersion;
				minimumVersion = 2.9.1;
			};
		};
		8E747AFA2B860E3C00D9302D /* XCRemoteSwiftPackageReference "FSCalendar" */ = {
			isa = XCRemoteSwiftPackageReference;
			repositoryURL = "https://github.com/WenchaoD/FSCalendar.git";
			requirement = {
				kind = upToNextMajorVersion;
				minimumVersion = 2.8.4;
			};
		};
/* End XCRemoteSwiftPackageReference section */

/* Begin XCSwiftPackageProductDependency section */
		8E3E7D4C2BC97A63004C6AD1 /* Alamofire */ = {
			isa = XCSwiftPackageProductDependency;
			package = 8E3E7D4B2BC97A63004C6AD1 /* XCRemoteSwiftPackageReference "Alamofire" */;
			productName = Alamofire;
		};
		8E3E7D4F2BC97AF5004C6AD1 /* PopupView */ = {
			isa = XCSwiftPackageProductDependency;
			package = 8E3E7D4E2BC97AF5004C6AD1 /* XCRemoteSwiftPackageReference "PopupView" */;
			productName = PopupView;
		};
		8E747AFB2B860E3C00D9302D /* FSCalendar */ = {
			isa = XCSwiftPackageProductDependency;
			package = 8E747AFA2B860E3C00D9302D /* XCRemoteSwiftPackageReference "FSCalendar" */;
			productName = FSCalendar;
		};
/* End XCSwiftPackageProductDependency section */
	};
	rootObject = 8E15C8652B6527E3001468C7 /* Project object */;
}
